
Microsoft Visual Studio Solution File, Format Version 12.00
# Visual Studio Version 17
VisualStudioVersion = 17.3.32804.467
MinimumVisualStudioVersion = 10.0.40219.1
Project("{FAE04EC0-301F-11D3-BF4B-00C04F79EFBC}") = "RADemoAPI", "RADemoAPI\RADemoAPI.csproj", "{4A13E264-E343-4E8C-A4CF-B8EDDC784EB3}"
EndProject
Global
	GlobalSection(SolutionConfigurationPlatforms) = preSolution
		Debug|Any CPU = Debug|Any CPU
		Release|Any CPU = Release|Any CPU
	EndGlobalSection
	GlobalSection(ProjectConfigurationPlatforms) = postSolution
		{4A13E264-E343-4E8C-A4CF-B8EDDC784EB3}.Debug|Any CPU.ActiveCfg = Debug|Any CPU
		{4A13E264-E343-4E8C-A4CF-B8EDDC784EB3}.Debug|Any CPU.Build.0 = Debug|Any CPU
		{4A13E264-E343-4E8C-A4CF-B8EDDC784EB3}.Release|Any CPU.ActiveCfg = Release|Any CPU
		{4A13E264-E343-4E8C-A4CF-B8EDDC784EB3}.Release|Any CPU.Build.0 = Release|Any CPU
	EndGlobalSection
	GlobalSection(SolutionProperties) = preSolution
		HideSolutionNode = FALSE
	EndGlobalSection
	GlobalSection(ExtensibilityGlobals) = postSolution
		SolutionGuid = {66CDCA72-5F8F-433D-87BA-913135A3E24C}
	EndGlobalSection
EndGlobal
